
Microsoft Visual Studio Solution File, Format Version 12.00
# Visual Studio Version 17
VisualStudioVersion = 17.3.32804.467
MinimumVisualStudioVersion = 10.0.40219.1
Project("{9A19103F-16F7-4668-BE54-9A1E7A4F7556}") = "Day2", "Day2\Day2.csproj", "{D08E4A62-964A-4399-AB7D-09FB4E67F4F1}"
EndProject
Project("{9A19103F-16F7-4668-BE54-9A1E7A4F7556}") = "Day3", "Day3\Day3.csproj", "{7EAD2771-1CA6-4846-838D-4AF4738EBA96}"
EndProject
Project("{9A19103F-16F7-4668-BE54-9A1E7A4F7556}") = "Day4", "Day4\Day4.csproj", "{90987BCF-125E-433F-9E7E-8D16261F6203}"
EndProject
Project("{9A19103F-16F7-4668-BE54-9A1E7A4F7556}") = "Day5", "Day5\Day5.csproj", "{49B00FD5-109E-425A-8A52-4B663824A470}"
EndProject
Project("{9A19103F-16F7-4668-BE54-9A1E7A4F7556}") = "Day6", "Day6\Day6.csproj", "{0E1DE489-E804-4E67-A6D6-733D802365AA}"
EndProject
Project("{9A19103F-16F7-4668-BE54-9A1E7A4F7556}") = "Day7", "Day7\Day7.csproj", "{759716B3-13EB-46A8-B404-434A79926564}"
EndProject
Project("{9A19103F-16F7-4668-BE54-9A1E7A4F7556}") = "Day8", "Day8\Day8.csproj", "{B16B3931-ADE9-4770-9B8C-99372F495067}"
EndProject
Project("{9A19103F-16F7-4668-BE54-9A1E7A4F7556}") = "Day9", "Day9\Day9.csproj", "{2BA4D0B4-E955-4368-99DC-0ABEDAADE7DF}"
EndProject
Project("{9A19103F-16F7-4668-BE54-9A1E7A4F7556}") = "Day10", "Day10\Day10.csproj", "{20A94A52-0D79-4144-AA18-EBDA1014B056}"
EndProject
Project("{9A19103F-16F7-4668-BE54-9A1E7A4F7556}") = "Day11", "Day11\Day11.csproj", "{11A0284A-CC1D-4EBF-B22B-ABA8B99BEBC4}"
EndProject
Project("{9A19103F-16F7-4668-BE54-9A1E7A4F7556}") = "Day12", "Day12\Day12.csproj", "{F6EC4CB4-1B42-4D07-976D-499C8A26383C}"
EndProject
Project("{9A19103F-16F7-4668-BE54-9A1E7A4F7556}") = "Day13", "Day13\Day13.csproj", "{BCB18604-2608-4277-8A86-3A5D42A985F9}"
EndProject
Project("{FAE04EC0-301F-11D3-BF4B-00C04F79EFBC}") = "Day14", "Day14\Day14.csproj", "{4524F3BF-B013-4DC9-B1FD-DA06EBEF21FC}"
EndProject
Global
	GlobalSection(SolutionConfigurationPlatforms) = preSolution
		Debug|Any CPU = Debug|Any CPU
		Release|Any CPU = Release|Any CPU
	EndGlobalSection
	GlobalSection(ProjectConfigurationPlatforms) = postSolution
		{D08E4A62-964A-4399-AB7D-09FB4E67F4F1}.Debug|Any CPU.ActiveCfg = Debug|Any CPU
		{D08E4A62-964A-4399-AB7D-09FB4E67F4F1}.Debug|Any CPU.Build.0 = Debug|Any CPU
		{D08E4A62-964A-4399-AB7D-09FB4E67F4F1}.Release|Any CPU.ActiveCfg = Release|Any CPU
		{D08E4A62-964A-4399-AB7D-09FB4E67F4F1}.Release|Any CPU.Build.0 = Release|Any CPU
		{7EAD2771-1CA6-4846-838D-4AF4738EBA96}.Debug|Any CPU.ActiveCfg = Debug|Any CPU
		{7EAD2771-1CA6-4846-838D-4AF4738EBA96}.Debug|Any CPU.Build.0 = Debug|Any CPU
		{7EAD2771-1CA6-4846-838D-4AF4738EBA96}.Release|Any CPU.ActiveCfg = Release|Any CPU
		{7EAD2771-1CA6-4846-838D-4AF4738EBA96}.Release|Any CPU.Build.0 = Release|Any CPU
		{90987BCF-125E-433F-9E7E-8D16261F6203}.Debug|Any CPU.ActiveCfg = Debug|Any CPU
		{90987BCF-125E-433F-9E7E-8D16261F6203}.Debug|Any CPU.Build.0 = Debug|Any CPU
		{90987BCF-125E-433F-9E7E-8D16261F6203}.Release|Any CPU.ActiveCfg = Release|Any CPU
		{90987BCF-125E-433F-9E7E-8D16261F6203}.Release|Any CPU.Build.0 = Release|Any CPU
		{49B00FD5-109E-425A-8A52-4B663824A470}.Debug|Any CPU.ActiveCfg = Debug|Any CPU
		{49B00FD5-109E-425A-8A52-4B663824A470}.Debug|Any CPU.Build.0 = Debug|Any CPU
		{49B00FD5-109E-425A-8A52-4B663824A470}.Release|Any CPU.ActiveCfg = Release|Any CPU
		{49B00FD5-109E-425A-8A52-4B663824A470}.Release|Any CPU.Build.0 = Release|Any CPU
		{0E1DE489-E804-4E67-A6D6-733D802365AA}.Debug|Any CPU.ActiveCfg = Debug|Any CPU
		{0E1DE489-E804-4E67-A6D6-733D802365AA}.Debug|Any CPU.Build.0 = Debug|Any CPU
		{0E1DE489-E804-4E67-A6D6-733D802365AA}.Release|Any CPU.ActiveCfg = Release|Any CPU
		{0E1DE489-E804-4E67-A6D6-733D802365AA}.Release|Any CPU.Build.0 = Release|Any CPU
		{759716B3-13EB-46A8-B404-434A79926564}.Debug|Any CPU.ActiveCfg = Debug|Any CPU
		{759716B3-13EB-46A8-B404-434A79926564}.Debug|Any CPU.Build.0 = Debug|Any CPU
		{759716B3-13EB-46A8-B404-434A79926564}.Release|Any CPU.ActiveCfg = Release|Any CPU
		{759716B3-13EB-46A8-B404-434A79926564}.Release|Any CPU.Build.0 = Release|Any CPU
		{B16B3931-ADE9-4770-9B8C-99372F495067}.Debug|Any CPU.ActiveCfg = Debug|Any CPU
		{B16B3931-ADE9-4770-9B8C-99372F495067}.Debug|Any CPU.Build.0 = Debug|Any CPU
		{B16B3931-ADE9-4770-9B8C-99372F495067}.Release|Any CPU.ActiveCfg = Release|Any CPU
		{B16B3931-ADE9-4770-9B8C-99372F495067}.Release|Any CPU.Build.0 = Release|Any CPU
		{2BA4D0B4-E955-4368-99DC-0ABEDAADE7DF}.Debug|Any CPU.ActiveCfg = Debug|Any CPU
		{2BA4D0B4-E955-4368-99DC-0ABEDAADE7DF}.Debug|Any CPU.Build.0 = Debug|Any CPU
		{2BA4D0B4-E955-4368-99DC-0ABEDAADE7DF}.Release|Any CPU.ActiveCfg = Release|Any CPU
		{2BA4D0B4-E955-4368-99DC-0ABEDAADE7DF}.Release|Any CPU.Build.0 = Release|Any CPU
		{20A94A52-0D79-4144-AA18-EBDA1014B056}.Debug|Any CPU.ActiveCfg = Debug|Any CPU
		{20A94A52-0D79-4144-AA18-EBDA1014B056}.Debug|Any CPU.Build.0 = Debug|Any CPU
		{20A94A52-0D79-4144-AA18-EBDA1014B056}.Release|Any CPU.ActiveCfg = Release|Any CPU
		{20A94A52-0D79-4144-AA18-EBDA1014B056}.Release|Any CPU.Build.0 = Release|Any CPU
		{11A0284A-CC1D-4EBF-B22B-ABA8B99BEBC4}.Debug|Any CPU.ActiveCfg = Debug|Any CPU
		{11A0284A-CC1D-4EBF-B22B-ABA8B99BEBC4}.Debug|Any CPU.Build.0 = Debug|Any CPU
		{11A0284A-CC1D-4EBF-B22B-ABA8B99BEBC4}.Release|Any CPU.ActiveCfg = Release|Any CPU
		{11A0284A-CC1D-4EBF-B22B-ABA8B99BEBC4}.Release|Any CPU.Build.0 = Release|Any CPU
		{F6EC4CB4-1B42-4D07-976D-499C8A26383C}.Debug|Any CPU.ActiveCfg = Debug|Any CPU
		{F6EC4CB4-1B42-4D07-976D-499C8A26383C}.Debug|Any CPU.Build.0 = Debug|Any CPU
		{F6EC4CB4-1B42-4D07-976D-499C8A26383C}.Release|Any CPU.ActiveCfg = Release|Any CPU
		{F6EC4CB4-1B42-4D07-976D-499C8A26383C}.Release|Any CPU.Build.0 = Release|Any CPU
		{BCB18604-2608-4277-8A86-3A5D42A985F9}.Debug|Any CPU.ActiveCfg = Debug|Any CPU
		{BCB18604-2608-4277-8A86-3A5D42A985F9}.Debug|Any CPU.Build.0 = Debug|Any CPU
		{BCB18604-2608-4277-8A86-3A5D42A985F9}.Release|Any CPU.ActiveCfg = Release|Any CPU
		{BCB18604-2608-4277-8A86-3A5D42A985F9}.Release|Any CPU.Build.0 = Release|Any CPU
		{4524F3BF-B013-4DC9-B1FD-DA06EBEF21FC}.Debug|Any CPU.ActiveCfg = Debug|Any CPU
		{4524F3BF-B013-4DC9-B1FD-DA06EBEF21FC}.Debug|Any CPU.Build.0 = Debug|Any CPU
		{4524F3BF-B013-4DC9-B1FD-DA06EBEF21FC}.Release|Any CPU.ActiveCfg = Release|Any CPU
		{4524F3BF-B013-4DC9-B1FD-DA06EBEF21FC}.Release|Any CPU.Build.0 = Release|Any CPU
	EndGlobalSection
	GlobalSection(SolutionProperties) = preSolution
		HideSolutionNode = FALSE
	EndGlobalSection
	GlobalSection(ExtensibilityGlobals) = postSolution
		SolutionGuid = {80C0F6DB-5F75-4B5B-BC0C-7B6BAE638FCB}
	EndGlobalSection
EndGlobal
